
Microsoft Visual Studio Solution File, Format Version 12.00
# Visual Studio Version 17
VisualStudioVersion = 17.14.36221.1 d17.14
MinimumVisualStudioVersion = 10.0.40219.1
Project("{FAE04EC0-301F-11D3-BF4B-00C04F79EFBC}") = "EmployeeManager.API", ".\EmployeeManager.API\EmployeeManager.API.csproj", "{69598901-C415-4F84-B26F-BB6B116DF07C}"
EndProject
Project("{FAE04EC0-301F-11D3-BF4B-00C04F79EFBC}") = "EmployeeManager.Domain", ".\EmployeeManager.Domain\EmployeeManager.Domain.csproj", "{C098DBA6-9B15-47D3-A957-BAD207FF660B}"
EndProject
Project("{FAE04EC0-301F-11D3-BF4B-00C04F79EFBC}") = "EmployeeManager.Test", ".\EmployeeManager.Test\EmployeeManager.Test.csproj", "{1C02447B-05AE-4355-B65A-43D9951F32DA}"
EndProject
Global
	GlobalSection(SolutionConfigurationPlatforms) = preSolution
		Debug|Any CPU = Debug|Any CPU
		Release|Any CPU = Release|Any CPU
	EndGlobalSection
	GlobalSection(ProjectConfigurationPlatforms) = postSolution
		{69598901-C415-4F84-B26F-BB6B116DF07C}.Debug|Any CPU.ActiveCfg = Debug|Any CPU
		{69598901-C415-4F84-B26F-BB6B116DF07C}.Debug|Any CPU.Build.0 = Debug|Any CPU
		{69598901-C415-4F84-B26F-BB6B116DF07C}.Release|Any CPU.ActiveCfg = Release|Any CPU
		{69598901-C415-4F84-B26F-BB6B116DF07C}.Release|Any CPU.Build.0 = Release|Any CPU
		{C098DBA6-9B15-47D3-A957-BAD207FF660B}.Debug|Any CPU.ActiveCfg = Debug|Any CPU
		{C098DBA6-9B15-47D3-A957-BAD207FF660B}.Debug|Any CPU.Build.0 = Debug|Any CPU
		{C098DBA6-9B15-47D3-A957-BAD207FF660B}.Release|Any CPU.ActiveCfg = Release|Any CPU
		{C098DBA6-9B15-47D3-A957-BAD207FF660B}.Release|Any CPU.Build.0 = Release|Any CPU
		{1C02447B-05AE-4355-B65A-43D9951F32DA}.Debug|Any CPU.ActiveCfg = Debug|Any CPU
		{1C02447B-05AE-4355-B65A-43D9951F32DA}.Debug|Any CPU.Build.0 = Debug|Any CPU
		{1C02447B-05AE-4355-B65A-43D9951F32DA}.Release|Any CPU.ActiveCfg = Release|Any CPU
		{1C02447B-05AE-4355-B65A-43D9951F32DA}.Release|Any CPU.Build.0 = Release|Any CPU
	EndGlobalSection
	GlobalSection(SolutionProperties) = preSolution
		HideSolutionNode = FALSE
	EndGlobalSection
	GlobalSection(ExtensibilityGlobals) = postSolution
		SolutionGuid = {0ACE08BA-2123-4D8B-B6BF-50B69F068F72}
	EndGlobalSection
EndGlobal
